
Microsoft Visual Studio Solution File, Format Version 12.00
# Visual Studio Version 17
VisualStudioVersion = 17.8.34330.188
MinimumVisualStudioVersion = 10.0.40219.1
Project("{9A19103F-16F7-4668-BE54-9A1E7A4F7556}") = "WebApplication", "src\WebApplication.csproj", "{54405621-2241-4E93-A9A4-519C012E2A38}"
EndProject
Project("{2150E333-8FDC-42A3-9474-1A3956D46DE8}") = "src", "src", "{6386BBC5-C1FF-42F1-92C0-D55798A076FB}"
EndProject
Project("{2150E333-8FDC-42A3-9474-1A3956D46DE8}") = "cdk", "cdk", "{4F31CD5D-1A0F-4051-B610-09CCE4B2B88F}"
EndProject
Project("{9A19103F-16F7-4668-BE54-9A1E7A4F7556}") = "Cdk", "cdk\Cdk.csproj", "{5AA6D29A-0F9F-4748-B607-C55E822C7543}"
EndProject
Global
	GlobalSection(SolutionConfigurationPlatforms) = preSolution
		Debug|Any CPU = Debug|Any CPU
		Release|Any CPU = Release|Any CPU
	EndGlobalSection
	GlobalSection(ProjectConfigurationPlatforms) = postSolution
		{54405621-2241-4E93-A9A4-519C012E2A38}.Debug|Any CPU.ActiveCfg = Debug|Any CPU
		{54405621-2241-4E93-A9A4-519C012E2A38}.Debug|Any CPU.Build.0 = Debug|Any CPU
		{54405621-2241-4E93-A9A4-519C012E2A38}.Release|Any CPU.ActiveCfg = Release|Any CPU
		{54405621-2241-4E93-A9A4-519C012E2A38}.Release|Any CPU.Build.0 = Release|Any CPU
		{5AA6D29A-0F9F-4748-B607-C55E822C7543}.Debug|Any CPU.ActiveCfg = Debug|Any CPU
		{5AA6D29A-0F9F-4748-B607-C55E822C7543}.Debug|Any CPU.Build.0 = Debug|Any CPU
		{5AA6D29A-0F9F-4748-B607-C55E822C7543}.Release|Any CPU.ActiveCfg = Release|Any CPU
		{5AA6D29A-0F9F-4748-B607-C55E822C7543}.Release|Any CPU.Build.0 = Release|Any CPU
	EndGlobalSection
	GlobalSection(SolutionProperties) = preSolution
		HideSolutionNode = FALSE
	EndGlobalSection
	GlobalSection(NestedProjects) = preSolution
		{54405621-2241-4E93-A9A4-519C012E2A38} = {6386BBC5-C1FF-42F1-92C0-D55798A076FB}
		{5AA6D29A-0F9F-4748-B607-C55E822C7543} = {4F31CD5D-1A0F-4051-B610-09CCE4B2B88F}
	EndGlobalSection
	GlobalSection(ExtensibilityGlobals) = postSolution
		SolutionGuid = {B8AC704D-E050-4EA8-906B-CFA395FDA0E1}
	EndGlobalSection
EndGlobal
